// !$*UTF8*$!
{
	archiveVersion = 1;
	classes = {
	};
	objectVersion = 56;
	objects = {

/* Begin PBXBuildFile section */
		806237D9292FD8B400FB7D22 /* News Watch App.app in Embed Watch Content */ = {isa = PBXBuildFile; fileRef = 806237D8292FD8B400FB7D22 /* News Watch App.app */; settings = {ATTRIBUTES = (RemoveHeadersOnCopy, ); }; };
		806237DE292FD8B400FB7D22 /* NewsApp.swift in Sources */ = {isa = PBXBuildFile; fileRef = 806237DD292FD8B400FB7D22 /* NewsApp.swift */; };
		806237E0292FD8B400FB7D22 /* ContentView.swift in Sources */ = {isa = PBXBuildFile; fileRef = 806237DF292FD8B400FB7D22 /* ContentView.swift */; };
		806237E2292FD8B500FB7D22 /* Assets.xcassets in Resources */ = {isa = PBXBuildFile; fileRef = 806237E1292FD8B500FB7D22 /* Assets.xcassets */; };
		806237E5292FD8B500FB7D22 /* Preview Assets.xcassets in Resources */ = {isa = PBXBuildFile; fileRef = 806237E4292FD8B500FB7D22 /* Preview Assets.xcassets */; };
		806237F0292FD93F00FB7D22 /* NewsModel.swift in Sources */ = {isa = PBXBuildFile; fileRef = 806237EF292FD93F00FB7D22 /* NewsModel.swift */; };
		806237F2292FD97000FB7D22 /* CategoryModel.swift in Sources */ = {isa = PBXBuildFile; fileRef = 806237F1292FD97000FB7D22 /* CategoryModel.swift */; };
		806237F5292FD9B700FB7D22 /* HomePage.swift in Sources */ = {isa = PBXBuildFile; fileRef = 806237F4292FD9B700FB7D22 /* HomePage.swift */; };
		806237FC292FDAF900FB7D22 /* Kingfisher in Frameworks */ = {isa = PBXBuildFile; productRef = 806237FB292FDAF900FB7D22 /* Kingfisher */; };
		80623800292FDC3000FB7D22 /* CategoryView.swift in Sources */ = {isa = PBXBuildFile; fileRef = 806237FF292FDC3000FB7D22 /* CategoryView.swift */; };
/* End PBXBuildFile section */

/* Begin PBXContainerItemProxy section */
		806237DA292FD8B400FB7D22 /* PBXContainerItemProxy */ = {
			isa = PBXContainerItemProxy;
			containerPortal = 806237CC292FD8B300FB7D22 /* Project object */;
			proxyType = 1;
			remoteGlobalIDString = 806237D7292FD8B400FB7D22;
			remoteInfo = "News Watch App";
		};
/* End PBXContainerItemProxy section */

/* Begin PBXCopyFilesBuildPhase section */
		806237EB292FD8B500FB7D22 /* Embed Watch Content */ = {
			isa = PBXCopyFilesBuildPhase;
			buildActionMask = 2147483647;
			dstPath = "$(CONTENTS_FOLDER_PATH)/Watch";
			dstSubfolderSpec = 16;
			files = (
				806237D9292FD8B400FB7D22 /* News Watch App.app in Embed Watch Content */,
			);
			name = "Embed Watch Content";
			runOnlyForDeploymentPostprocessing = 0;
		};
/* End PBXCopyFilesBuildPhase section */

/* Begin PBXFileReference section */
		806237D2292FD8B400FB7D22 /* News.app */ = {isa = PBXFileReference; explicitFileType = wrapper.application; includeInIndex = 0; path = News.app; sourceTree = BUILT_PRODUCTS_DIR; };
		806237D8292FD8B400FB7D22 /* News Watch App.app */ = {isa = PBXFileReference; explicitFileType = wrapper.application; includeInIndex = 0; path = "News Watch App.app"; sourceTree = BUILT_PRODUCTS_DIR; };
		806237DD292FD8B400FB7D22 /* NewsApp.swift */ = {isa = PBXFileReference; lastKnownFileType = sourcecode.swift; path = NewsApp.swift; sourceTree = "<group>"; };
		806237DF292FD8B400FB7D22 /* ContentView.swift */ = {isa = PBXFileReference; lastKnownFileType = sourcecode.swift; path = ContentView.swift; sourceTree = "<group>"; };
		806237E1292FD8B500FB7D22 /* Assets.xcassets */ = {isa = PBXFileReference; lastKnownFileType = folder.assetcatalog; path = Assets.xcassets; sourceTree = "<group>"; };
		806237E4292FD8B500FB7D22 /* Preview Assets.xcassets */ = {isa = PBXFileReference; lastKnownFileType = folder.assetcatalog; path = "Preview Assets.xcassets"; sourceTree = "<group>"; };
		806237EF292FD93F00FB7D22 /* NewsModel.swift */ = {isa = PBXFileReference; lastKnownFileType = sourcecode.swift; path = NewsModel.swift; sourceTree = "<group>"; };
		806237F1292FD97000FB7D22 /* CategoryModel.swift */ = {isa = PBXFileReference; lastKnownFileType = sourcecode.swift; path = CategoryModel.swift; sourceTree = "<group>"; };
		806237F4292FD9B700FB7D22 /* HomePage.swift */ = {isa = PBXFileReference; lastKnownFileType = sourcecode.swift; path = HomePage.swift; sourceTree = "<group>"; };
		806237FF292FDC3000FB7D22 /* CategoryView.swift */ = {isa = PBXFileReference; lastKnownFileType = sourcecode.swift; path = CategoryView.swift; sourceTree = "<group>"; };
/* End PBXFileReference section */

/* Begin PBXFrameworksBuildPhase section */
		806237D5292FD8B400FB7D22 /* Frameworks */ = {
			isa = PBXFrameworksBuildPhase;
			buildActionMask = 2147483647;
			files = (
				806237FC292FDAF900FB7D22 /* Kingfisher in Frameworks */,
			);
			runOnlyForDeploymentPostprocessing = 0;
		};
/* End PBXFrameworksBuildPhase section */

/* Begin PBXGroup section */
		806237CB292FD8B300FB7D22 = {
			isa = PBXGroup;
			children = (
				806237DC292FD8B400FB7D22 /* News Watch App */,
				806237D3292FD8B400FB7D22 /* Products */,
			);
			sourceTree = "<group>";
		};
		806237D3292FD8B400FB7D22 /* Products */ = {
			isa = PBXGroup;
			children = (
				806237D2292FD8B400FB7D22 /* News.app */,
				806237D8292FD8B400FB7D22 /* News Watch App.app */,
			);
			name = Products;
			sourceTree = "<group>";
		};
		806237DC292FD8B400FB7D22 /* News Watch App */ = {
			isa = PBXGroup;
			children = (
				806237DD292FD8B400FB7D22 /* NewsApp.swift */,
				806237F9292FDA3E00FB7D22 /* Controller */,
				806237F6292FD9F500FB7D22 /* View */,
				806237F3292FD98B00FB7D22 /* Model */,
				806237E1292FD8B500FB7D22 /* Assets.xcassets */,
				806237E3292FD8B500FB7D22 /* Preview Content */,
			);
			path = "News Watch App";
			sourceTree = "<group>";
		};
		806237E3292FD8B500FB7D22 /* Preview Content */ = {
			isa = PBXGroup;
			children = (
				806237E4292FD8B500FB7D22 /* Preview Assets.xcassets */,
			);
			path = "Preview Content";
			sourceTree = "<group>";
		};
		806237F3292FD98B00FB7D22 /* Model */ = {
			isa = PBXGroup;
			children = (
				806237EF292FD93F00FB7D22 /* NewsModel.swift */,
				806237F1292FD97000FB7D22 /* CategoryModel.swift */,
			);
			path = Model;
			sourceTree = "<group>";
		};
		806237F6292FD9F500FB7D22 /* View */ = {
			isa = PBXGroup;
			children = (
				806237F4292FD9B700FB7D22 /* HomePage.swift */,
			);
			path = View;
			sourceTree = "<group>";
		};
		806237F9292FDA3E00FB7D22 /* Controller */ = {
			isa = PBXGroup;
			children = (
				806237FF292FDC3000FB7D22 /* CategoryView.swift */,
				806237DF292FD8B400FB7D22 /* ContentView.swift */,
			);
			path = Controller;
			sourceTree = "<group>";
		};
/* End PBXGroup section */

/* Begin PBXNativeTarget section */
		806237D1292FD8B400FB7D22 /* News */ = {
			isa = PBXNativeTarget;
			buildConfigurationList = 806237EC292FD8B500FB7D22 /* Build configuration list for PBXNativeTarget "News" */;
			buildPhases = (
				806237D0292FD8B400FB7D22 /* Resources */,
				806237EB292FD8B500FB7D22 /* Embed Watch Content */,
			);
			buildRules = (
			);
			dependencies = (
				806237DB292FD8B400FB7D22 /* PBXTargetDependency */,
			);
			name = News;
			productName = News;
			productReference = 806237D2292FD8B400FB7D22 /* News.app */;
			productType = "com.apple.product-type.application.watchapp2-container";
		};
		806237D7292FD8B400FB7D22 /* News Watch App */ = {
			isa = PBXNativeTarget;
			buildConfigurationList = 806237E8292FD8B500FB7D22 /* Build configuration list for PBXNativeTarget "News Watch App" */;
			buildPhases = (
				806237D4292FD8B400FB7D22 /* Sources */,
				806237D5292FD8B400FB7D22 /* Frameworks */,
				806237D6292FD8B400FB7D22 /* Resources */,
			);
			buildRules = (
			);
			dependencies = (
			);
			name = "News Watch App";
			packageProductDependencies = (
				806237FB292FDAF900FB7D22 /* Kingfisher */,
			);
			productName = "News Watch App";
			productReference = 806237D8292FD8B400FB7D22 /* News Watch App.app */;
			productType = "com.apple.product-type.application";
		};
/* End PBXNativeTarget section */

/* Begin PBXProject section */
		806237CC292FD8B300FB7D22 /* Project object */ = {
			isa = PBXProject;
			attributes = {
				BuildIndependentTargetsInParallel = 1;
				LastSwiftUpdateCheck = 1400;
				LastUpgradeCheck = 1400;
				TargetAttributes = {
					806237D1292FD8B400FB7D22 = {
						CreatedOnToolsVersion = 14.0.1;
					};
					806237D7292FD8B400FB7D22 = {
						CreatedOnToolsVersion = 14.0.1;
					};
				};
			};
			buildConfigurationList = 806237CF292FD8B400FB7D22 /* Build configuration list for PBXProject "News" */;
			compatibilityVersion = "Xcode 14.0";
			developmentRegion = en;
			hasScannedForEncodings = 0;
			knownRegions = (
				en,
				Base,
			);
			mainGroup = 806237CB292FD8B300FB7D22;
			packageReferences = (
				806237FA292FDAF900FB7D22 /* XCRemoteSwiftPackageReference "Kingfisher" */,
			);
			productRefGroup = 806237D3292FD8B400FB7D22 /* Products */;
			projectDirPath = "";
			projectRoot = "";
			targets = (
				806237D1292FD8B400FB7D22 /* News */,
				806237D7292FD8B400FB7D22 /* News Watch App */,
			);
		};
/* End PBXProject section */

/* Begin PBXResourcesBuildPhase section */
		806237D0292FD8B400FB7D22 /* Resources */ = {
			isa = PBXResourcesBuildPhase;
			buildActionMask = 2147483647;
			files = (
			);
			runOnlyForDeploymentPostprocessing = 0;
		};
		806237D6292FD8B400FB7D22 /* Resources */ = {
			isa = PBXResourcesBuildPhase;
			buildActionMask = 2147483647;
			files = (
				806237E5292FD8B500FB7D22 /* Preview Assets.xcassets in Resources */,
				806237E2292FD8B500FB7D22 /* Assets.xcassets in Resources */,
			);
			runOnlyForDeploymentPostprocessing = 0;
		};
/* End PBXResourcesBuildPhase section */

/* Begin PBXSourcesBuildPhase section */
		806237D4292FD8B400FB7D22 /* Sources */ = {
			isa = PBXSourcesBuildPhase;
			buildActionMask = 2147483647;
			files = (
				806237F5292FD9B700FB7D22 /* HomePage.swift in Sources */,
				806237F0292FD93F00FB7D22 /* NewsModel.swift in Sources */,
				80623800292FDC3000FB7D22 /* CategoryView.swift in Sources */,
				806237F2292FD97000FB7D22 /* CategoryModel.swift in Sources */,
				806237E0292FD8B400FB7D22 /* ContentView.swift in Sources */,
				806237DE292FD8B400FB7D22 /* NewsApp.swift in Sources */,
			);
			runOnlyForDeploymentPostprocessing = 0;
		};
/* End PBXSourcesBuildPhase section */

/* Begin PBXTargetDependency section */
		806237DB292FD8B400FB7D22 /* PBXTargetDependency */ = {
			isa = PBXTargetDependency;
			target = 806237D7292FD8B400FB7D22 /* News Watch App */;
			targetProxy = 806237DA292FD8B400FB7D22 /* PBXContainerItemProxy */;
		};
/* End PBXTargetDependency section */

/* Begin XCBuildConfiguration section */
		806237E6292FD8B500FB7D22 /* Debug */ = {
			isa = XCBuildConfiguration;
			buildSettings = {
				ALWAYS_SEARCH_USER_PATHS = NO;
				CLANG_ANALYZER_NONNULL = YES;
				CLANG_ANALYZER_NUMBER_OBJECT_CONVERSION = YES_AGGRESSIVE;
				CLANG_CXX_LANGUAGE_STANDARD = "gnu++20";
				CLANG_ENABLE_MODULES = YES;
				CLANG_ENABLE_OBJC_ARC = YES;
				CLANG_ENABLE_OBJC_WEAK = YES;
				CLANG_WARN_BLOCK_CAPTURE_AUTORELEASING = YES;
				CLANG_WARN_BOOL_CONVERSION = YES;
				CLANG_WARN_COMMA = YES;
				CLANG_WARN_CONSTANT_CONVERSION = YES;
				CLANG_WARN_DEPRECATED_OBJC_IMPLEMENTATIONS = YES;
				CLANG_WARN_DIRECT_OBJC_ISA_USAGE = YES_ERROR;
				CLANG_WARN_DOCUMENTATION_COMMENTS = YES;
				CLANG_WARN_EMPTY_BODY = YES;
				CLANG_WARN_ENUM_CONVERSION = YES;
				CLANG_WARN_INFINITE_RECURSION = YES;
				CLANG_WARN_INT_CONVERSION = YES;
				CLANG_WARN_NON_LITERAL_NULL_CONVERSION = YES;
				CLANG_WARN_OBJC_IMPLICIT_RETAIN_SELF = YES;
				CLANG_WARN_OBJC_LITERAL_CONVERSION = YES;
				CLANG_WARN_OBJC_ROOT_CLASS = YES_ERROR;
				CLANG_WARN_QUOTED_INCLUDE_IN_FRAMEWORK_HEADER = YES;
				CLANG_WARN_RANGE_LOOP_ANALYSIS = YES;
				CLANG_WARN_STRICT_PROTOTYPES = YES;
				CLANG_WARN_SUSPICIOUS_MOVE = YES;
				CLANG_WARN_UNGUARDED_AVAILABILITY = YES_AGGRESSIVE;
				CLANG_WARN_UNREACHABLE_CODE = YES;
				CLANG_WARN__DUPLICATE_METHOD_MATCH = YES;
				COPY_PHASE_STRIP = NO;
				DEBUG_INFORMATION_FORMAT = dwarf;
				ENABLE_STRICT_OBJC_MSGSEND = YES;
				ENABLE_TESTABILITY = YES;
				GCC_C_LANGUAGE_STANDARD = gnu11;
				GCC_DYNAMIC_NO_PIC = NO;
				GCC_NO_COMMON_BLOCKS = YES;
				GCC_OPTIMIZATION_LEVEL = 0;
				GCC_PREPROCESSOR_DEFINITIONS = (
					"DEBUG=1",
					"$(inherited)",
				);
				GCC_WARN_64_TO_32_BIT_CONVERSION = YES;
				GCC_WARN_ABOUT_RETURN_TYPE = YES_ERROR;
				GCC_WARN_UNDECLARED_SELECTOR = YES;
				GCC_WARN_UNINITIALIZED_AUTOS = YES_AGGRESSIVE;
				GCC_WARN_UNUSED_FUNCTION = YES;
				GCC_WARN_UNUSED_VARIABLE = YES;
				MTL_ENABLE_DEBUG_INFO = INCLUDE_SOURCE;
				MTL_FAST_MATH = YES;
				ONLY_ACTIVE_ARCH = YES;
				SWIFT_ACTIVE_COMPILATION_CONDITIONS = DEBUG;
				SWIFT_OPTIMIZATION_LEVEL = "-Onone";
			};
			name = Debug;
		};
		806237E7292FD8B500FB7D22 /* Release */ = {
			isa = XCBuildConfiguration;
			buildSettings = {
				ALWAYS_SEARCH_USER_PATHS = NO;
				CLANG_ANALYZER_NONNULL = YES;
				CLANG_ANALYZER_NUMBER_OBJECT_CONVERSION = YES_AGGRESSIVE;
				CLANG_CXX_LANGUAGE_STANDARD = "gnu++20";
				CLANG_ENABLE_MODULES = YES;
				CLANG_ENABLE_OBJC_ARC = YES;
				CLANG_ENABLE_OBJC_WEAK = YES;
				CLANG_WARN_BLOCK_CAPTURE_AUTORELEASING = YES;
				CLANG_WARN_BOOL_CONVERSION = YES;
				CLANG_WARN_COMMA = YES;
				CLANG_WARN_CONSTANT_CONVERSION = YES;
				CLANG_WARN_DEPRECATED_OBJC_IMPLEMENTATIONS = YES;
				CLANG_WARN_DIRECT_OBJC_ISA_USAGE = YES_ERROR;
				CLANG_WARN_DOCUMENTATION_COMMENTS = YES;
				CLANG_WARN_EMPTY_BODY = YES;
				CLANG_WARN_ENUM_CONVERSION = YES;
				CLANG_WARN_INFINITE_RECURSION = YES;
				CLANG_WARN_INT_CONVERSION = YES;
				CLANG_WARN_NON_LITERAL_NULL_CONVERSION = YES;
				CLANG_WARN_OBJC_IMPLICIT_RETAIN_SELF = YES;
				CLANG_WARN_OBJC_LITERAL_CONVERSION = YES;
				CLANG_WARN_OBJC_ROOT_CLASS = YES_ERROR;
				CLANG_WARN_QUOTED_INCLUDE_IN_FRAMEWORK_HEADER = YES;
				CLANG_WARN_RANGE_LOOP_ANALYSIS = YES;
				CLANG_WARN_STRICT_PROTOTYPES = YES;
				CLANG_WARN_SUSPICIOUS_MOVE = YES;
				CLANG_WARN_UNGUARDED_AVAILABILITY = YES_AGGRESSIVE;
				CLANG_WARN_UNREACHABLE_CODE = YES;
				CLANG_WARN__DUPLICATE_METHOD_MATCH = YES;
				COPY_PHASE_STRIP = NO;
				DEBUG_INFORMATION_FORMAT = "dwarf-with-dsym";
				ENABLE_NS_ASSERTIONS = NO;
				ENABLE_STRICT_OBJC_MSGSEND = YES;
				GCC_C_LANGUAGE_STANDARD = gnu11;
				GCC_NO_COMMON_BLOCKS = YES;
				GCC_WARN_64_TO_32_BIT_CONVERSION = YES;
				GCC_WARN_ABOUT_RETURN_TYPE = YES_ERROR;
				GCC_WARN_UNDECLARED_SELECTOR = YES;
				GCC_WARN_UNINITIALIZED_AUTOS = YES_AGGRESSIVE;
				GCC_WARN_UNUSED_FUNCTION = YES;
				GCC_WARN_UNUSED_VARIABLE = YES;
				MTL_ENABLE_DEBUG_INFO = NO;
				MTL_FAST_MATH = YES;
				SWIFT_COMPILATION_MODE = wholemodule;
				SWIFT_OPTIMIZATION_LEVEL = "-O";
			};
			name = Release;
		};
		806237E9292FD8B500FB7D22 /* Debug */ = {
			isa = XCBuildConfiguration;
			buildSettings = {
				ASSETCATALOG_COMPILER_APPICON_NAME = AppIcon;
				ASSETCATALOG_COMPILER_GLOBAL_ACCENT_COLOR_NAME = AccentColor;
				CODE_SIGN_STYLE = Automatic;
				CURRENT_PROJECT_VERSION = 1;
				DEVELOPMENT_ASSET_PATHS = "\"News Watch App/Preview Content\"";
				DEVELOPMENT_TEAM = 3AM9ZHU7VT;
				ENABLE_PREVIEWS = YES;
				GENERATE_INFOPLIST_FILE = YES;
				INFOPLIST_KEY_CFBundleDisplayName = News;
				INFOPLIST_KEY_UISupportedInterfaceOrientations = "UIInterfaceOrientationPortrait UIInterfaceOrientationPortraitUpsideDown";
				INFOPLIST_KEY_WKWatchOnly = YES;
				LD_RUNPATH_SEARCH_PATHS = (
					"$(inherited)",
					"@executable_path/Frameworks",
				);
				MARKETING_VERSION = 1.0;
				PRODUCT_BUNDLE_IDENTIFIER = com.td.News.watchkitapp;
				PRODUCT_NAME = "$(TARGET_NAME)";
				SDKROOT = watchos;
				SKIP_INSTALL = YES;
				SWIFT_EMIT_LOC_STRINGS = YES;
				SWIFT_VERSION = 5.0;
				TARGETED_DEVICE_FAMILY = 4;
				WATCHOS_DEPLOYMENT_TARGET = 9.0;
			};
			name = Debug;
		};
		806237EA292FD8B500FB7D22 /* Release */ = {
			isa = XCBuildConfiguration;
			buildSettings = {
				ASSETCATALOG_COMPILER_APPICON_NAME = AppIcon;
				ASSETCATALOG_COMPILER_GLOBAL_ACCENT_COLOR_NAME = AccentColor;
				CODE_SIGN_STYLE = Automatic;
				CURRENT_PROJECT_VERSION = 1;
				DEVELOPMENT_ASSET_PATHS = "\"News Watch App/Preview Content\"";
				DEVELOPMENT_TEAM = 3AM9ZHU7VT;
				ENABLE_PREVIEWS = YES;
				GENERATE_INFOPLIST_FILE = YES;
				INFOPLIST_KEY_CFBundleDisplayName = News;
				INFOPLIST_KEY_UISupportedInterfaceOrientations = "UIInterfaceOrientationPortrait UIInterfaceOrientationPortraitUpsideDown";
				INFOPLIST_KEY_WKWatchOnly = YES;
				LD_RUNPATH_SEARCH_PATHS = (
					"$(inherited)",
					"@executable_path/Frameworks",
				);
				MARKETING_VERSION = 1.0;
				PRODUCT_BUNDLE_IDENTIFIER = com.td.News.watchkitapp;
				PRODUCT_NAME = "$(TARGET_NAME)";
				SDKROOT = watchos;
				SKIP_INSTALL = YES;
				SWIFT_EMIT_LOC_STRINGS = YES;
				SWIFT_VERSION = 5.0;
				TARGETED_DEVICE_FAMILY = 4;
				VALIDATE_PRODUCT = YES;
				WATCHOS_DEPLOYMENT_TARGET = 9.0;
			};
			name = Release;
		};
		806237ED292FD8B500FB7D22 /* Debug */ = {
			isa = XCBuildConfiguration;
			buildSettings = {
				ALWAYS_EMBED_SWIFT_STANDARD_LIBRARIES = YES;
				CODE_SIGN_STYLE = Automatic;
				CURRENT_PROJECT_VERSION = 1;
				DEVELOPMENT_TEAM = 3AM9ZHU7VT;
				INFOPLIST_KEY_CFBundleDisplayName = News;
				MARKETING_VERSION = 1.0;
				PRODUCT_BUNDLE_IDENTIFIER = com.td.News;
				PRODUCT_NAME = "$(TARGET_NAME)";
				SDKROOT = iphoneos;
				SWIFT_VERSION = 5.0;
			};
			name = Debug;
		};
		806237EE292FD8B500FB7D22 /* Release */ = {
			isa = XCBuildConfiguration;
			buildSettings = {
				ALWAYS_EMBED_SWIFT_STANDARD_LIBRARIES = YES;
				CODE_SIGN_STYLE = Automatic;
				CURRENT_PROJECT_VERSION = 1;
				DEVELOPMENT_TEAM = 3AM9ZHU7VT;
				INFOPLIST_KEY_CFBundleDisplayName = News;
				MARKETING_VERSION = 1.0;
				PRODUCT_BUNDLE_IDENTIFIER = com.td.News;
				PRODUCT_NAME = "$(TARGET_NAME)";
				SDKROOT = iphoneos;
				SWIFT_VERSION = 5.0;
				VALIDATE_PRODUCT = YES;
			};
			name = Release;
		};
/* End XCBuildConfiguration section */

/* Begin XCConfigurationList section */
		806237CF292FD8B400FB7D22 /* Build configuration list for PBXProject "News" */ = {
			isa = XCConfigurationList;
			buildConfigurations = (
				806237E6292FD8B500FB7D22 /* Debug */,
				806237E7292FD8B500FB7D22 /* Release */,
			);
			defaultConfigurationIsVisible = 0;
			defaultConfigurationName = Release;
		};
		806237E8292FD8B500FB7D22 /* Build configuration list for PBXNativeTarget "News Watch App" */ = {
			isa = XCConfigurationList;
			buildConfigurations = (
				806237E9292FD8B500FB7D22 /* Debug */,
				806237EA292FD8B500FB7D22 /* Release */,
			);
			defaultConfigurationIsVisible = 0;
			defaultConfigurationName = Release;
		};
		806237EC292FD8B500FB7D22 /* Build configuration list for PBXNativeTarget "News" */ = {
			isa = XCConfigurationList;
			buildConfigurations = (
				806237ED292FD8B500FB7D22 /* Debug */,
				806237EE292FD8B500FB7D22 /* Release */,
			);
			defaultConfigurationIsVisible = 0;
			defaultConfigurationName = Release;
		};
/* End XCConfigurationList section */

/* Begin XCRemoteSwiftPackageReference section */
		806237FA292FDAF900FB7D22 /* XCRemoteSwiftPackageReference "Kingfisher" */ = {
			isa = XCRemoteSwiftPackageReference;
			repositoryURL = "https://github.com/onevcat/Kingfisher.git";
			requirement = {
				branch = master;
				kind = branch;
			};
		};
/* End XCRemoteSwiftPackageReference section */

/* Begin XCSwiftPackageProductDependency section */
		806237FB292FDAF900FB7D22 /* Kingfisher */ = {
			isa = XCSwiftPackageProductDependency;
			package = 806237FA292FDAF900FB7D22 /* XCRemoteSwiftPackageReference "Kingfisher" */;
			productName = Kingfisher;
		};
/* End XCSwiftPackageProductDependency section */
	};
	rootObject = 806237CC292FD8B300FB7D22 /* Project object */;
}
